
Microsoft Visual Studio Solution File, Format Version 12.00
# Visual Studio Version 17
VisualStudioVersion = 17.11.35312.102
MinimumVisualStudioVersion = 10.0.40219.1
Project("{FAE04EC0-301F-11D3-BF4B-00C04F79EFBC}") = "1413241234123", "1413241234123\1413241234123.csproj", "{02C0D44C-0DA6-4364-9786-C3CF4887D128}"
EndProject
Global
	GlobalSection(SolutionConfigurationPlatforms) = preSolution
		Debug|Any CPU = Debug|Any CPU
		Release|Any CPU = Release|Any CPU
	EndGlobalSection
	GlobalSection(ProjectConfigurationPlatforms) = postSolution
		{02C0D44C-0DA6-4364-9786-C3CF4887D128}.Debug|Any CPU.ActiveCfg = Debug|Any CPU
		{02C0D44C-0DA6-4364-9786-C3CF4887D128}.Debug|Any CPU.Build.0 = Debug|Any CPU
		{02C0D44C-0DA6-4364-9786-C3CF4887D128}.Release|Any CPU.ActiveCfg = Release|Any CPU
		{02C0D44C-0DA6-4364-9786-C3CF4887D128}.Release|Any CPU.Build.0 = Release|Any CPU
	EndGlobalSection
	GlobalSection(SolutionProperties) = preSolution
		HideSolutionNode = FALSE
	EndGlobalSection
	GlobalSection(ExtensibilityGlobals) = postSolution
		SolutionGuid = {BEF074DE-DF31-477E-AB98-AF6CDC0418B9}
	EndGlobalSection
EndGlobal
